
Microsoft Visual Studio Solution File, Format Version 12.00
# Visual Studio Version 17
VisualStudioVersion = 17.4.33122.133
MinimumVisualStudioVersion = 10.0.40219.1
Project("{FAE04EC0-301F-11D3-BF4B-00C04F79EFBC}") = "CodeDocumentationTool", "CodeDocumentationTool\CodeDocumentationTool.csproj", "{0875679D-FE6E-4A18-849E-9B64D33AB492}"
EndProject
Project("{FAE04EC0-301F-11D3-BF4B-00C04F79EFBC}") = "DocumentTestTool", "DocumentTestTool\DocumentTestTool.csproj", "{C8991AC6-A1C9-4CDC-A7B0-0D698EE1521F}"
EndProject
Global
	GlobalSection(SolutionConfigurationPlatforms) = preSolution
		Debug|Any CPU = Debug|Any CPU
		Release|Any CPU = Release|Any CPU
	EndGlobalSection
	GlobalSection(ProjectConfigurationPlatforms) = postSolution
		{0875679D-FE6E-4A18-849E-9B64D33AB492}.Debug|Any CPU.ActiveCfg = Debug|Any CPU
		{0875679D-FE6E-4A18-849E-9B64D33AB492}.Debug|Any CPU.Build.0 = Debug|Any CPU
		{0875679D-FE6E-4A18-849E-9B64D33AB492}.Release|Any CPU.ActiveCfg = Release|Any CPU
		{0875679D-FE6E-4A18-849E-9B64D33AB492}.Release|Any CPU.Build.0 = Release|Any CPU
		{C8991AC6-A1C9-4CDC-A7B0-0D698EE1521F}.Debug|Any CPU.ActiveCfg = Debug|Any CPU
		{C8991AC6-A1C9-4CDC-A7B0-0D698EE1521F}.Debug|Any CPU.Build.0 = Debug|Any CPU
		{C8991AC6-A1C9-4CDC-A7B0-0D698EE1521F}.Release|Any CPU.ActiveCfg = Release|Any CPU
		{C8991AC6-A1C9-4CDC-A7B0-0D698EE1521F}.Release|Any CPU.Build.0 = Release|Any CPU
	EndGlobalSection
	GlobalSection(SolutionProperties) = preSolution
		HideSolutionNode = FALSE
	EndGlobalSection
	GlobalSection(ExtensibilityGlobals) = postSolution
		SolutionGuid = {69A01E49-7EC1-467C-A33C-3BD28F743E86}
	EndGlobalSection
EndGlobal
